
Microsoft Visual Studio Solution File, Format Version 12.00
# Visual Studio Version 17
VisualStudioVersion = 17.11.35312.102
MinimumVisualStudioVersion = 10.0.40219.1
Project("{FAE04EC0-301F-11D3-BF4B-00C04F79EFBC}") = "Record Store", "Record Store\Record Store.csproj", "{80BA0F31-BD40-48E5-866F-A387B84AB418}"
EndProject
Global
	GlobalSection(SolutionConfigurationPlatforms) = preSolution
		Debug|Any CPU = Debug|Any CPU
		Release|Any CPU = Release|Any CPU
	EndGlobalSection
	GlobalSection(ProjectConfigurationPlatforms) = postSolution
		{80BA0F31-BD40-48E5-866F-A387B84AB418}.Debug|Any CPU.ActiveCfg = Debug|Any CPU
		{80BA0F31-BD40-48E5-866F-A387B84AB418}.Debug|Any CPU.Build.0 = Debug|Any CPU
		{80BA0F31-BD40-48E5-866F-A387B84AB418}.Release|Any CPU.ActiveCfg = Release|Any CPU
		{80BA0F31-BD40-48E5-866F-A387B84AB418}.Release|Any CPU.Build.0 = Release|Any CPU
	EndGlobalSection
	GlobalSection(SolutionProperties) = preSolution
		HideSolutionNode = FALSE
	EndGlobalSection
	GlobalSection(ExtensibilityGlobals) = postSolution
		SolutionGuid = {D7476462-5D0D-40B9-A41C-1A29DAF31827}
	EndGlobalSection
EndGlobal
